
Microsoft Visual Studio Solution File, Format Version 12.00
# Visual Studio 2013
VisualStudioVersion = 12.0.31101.0
MinimumVisualStudioVersion = 10.0.40219.1
Project("{FAE04EC0-301F-11D3-BF4B-00C04F79EFBC}") = "DungeonGenerator", "DungeonGenerator\DungeonGenerator.csproj", "{80E6D729-1E0A-479D-AD1B-3A8BD7A2DF41}"
EndProject
Project("{FAE04EC0-301F-11D3-BF4B-00C04F79EFBC}") = "DungeonGenerator.test", "DungeonGenerator.test\DungeonGenerator.test.csproj", "{93B7A83E-D19C-49D8-991F-C36F41DCCD0D}"
EndProject
Global
	GlobalSection(SolutionConfigurationPlatforms) = preSolution
		Debug|Any CPU = Debug|Any CPU
		Release|Any CPU = Release|Any CPU
	EndGlobalSection
	GlobalSection(ProjectConfigurationPlatforms) = postSolution
		{80E6D729-1E0A-479D-AD1B-3A8BD7A2DF41}.Debug|Any CPU.ActiveCfg = Debug|Any CPU
		{80E6D729-1E0A-479D-AD1B-3A8BD7A2DF41}.Debug|Any CPU.Build.0 = Debug|Any CPU
		{80E6D729-1E0A-479D-AD1B-3A8BD7A2DF41}.Release|Any CPU.ActiveCfg = Release|Any CPU
		{80E6D729-1E0A-479D-AD1B-3A8BD7A2DF41}.Release|Any CPU.Build.0 = Release|Any CPU
		{93B7A83E-D19C-49D8-991F-C36F41DCCD0D}.Debug|Any CPU.ActiveCfg = Debug|Any CPU
		{93B7A83E-D19C-49D8-991F-C36F41DCCD0D}.Debug|Any CPU.Build.0 = Debug|Any CPU
		{93B7A83E-D19C-49D8-991F-C36F41DCCD0D}.Release|Any CPU.ActiveCfg = Release|Any CPU
		{93B7A83E-D19C-49D8-991F-C36F41DCCD0D}.Release|Any CPU.Build.0 = Release|Any CPU
	EndGlobalSection
	GlobalSection(SolutionProperties) = preSolution
		HideSolutionNode = FALSE
	EndGlobalSection
EndGlobal
